Microsoft Visual Studio Solution File, Format Version 12.00
# Visual Studio 2012
Project("{FAE04EC0-301F-11D3-BF4B-00C04F79EFBC}") = "MarioEngineTest", "MarioEngineTest.csproj", "{2BEEA7B8-6E0C-499A-9842-E4159A7EEFE3}"
EndProject
Global
	GlobalSection(SolutionConfigurationPlatforms) = preSolution
	Debug|Any CPU = Debug|Any CPU
	ExportDebug|Any CPU = ExportDebug|Any CPU
	ExportRelease|Any CPU = ExportRelease|Any CPU
	EndGlobalSection
	GlobalSection(ProjectConfigurationPlatforms) = postSolution
		{2BEEA7B8-6E0C-499A-9842-E4159A7EEFE3}.Debug|Any CPU.ActiveCfg = Debug|Any CPU
		{2BEEA7B8-6E0C-499A-9842-E4159A7EEFE3}.Debug|Any CPU.Build.0 = Debug|Any CPU
		{2BEEA7B8-6E0C-499A-9842-E4159A7EEFE3}.ExportDebug|Any CPU.ActiveCfg = ExportDebug|Any CPU
		{2BEEA7B8-6E0C-499A-9842-E4159A7EEFE3}.ExportDebug|Any CPU.Build.0 = ExportDebug|Any CPU
		{2BEEA7B8-6E0C-499A-9842-E4159A7EEFE3}.ExportRelease|Any CPU.ActiveCfg = ExportRelease|Any CPU
		{2BEEA7B8-6E0C-499A-9842-E4159A7EEFE3}.ExportRelease|Any CPU.Build.0 = ExportRelease|Any CPU
	EndGlobalSection
EndGlobal
